
Microsoft Visual Studio Solution File, Format Version 12.00
# Visual Studio Version 16
VisualStudioVersion = 16.0.30523.141
MinimumVisualStudioVersion = 10.0.40219.1
Project("{FAE04EC0-301F-11D3-BF4B-00C04F79EFBC}") = "CamArtASCII", "CamArtASCII\CamArtASCII.csproj", "{809D04BF-D3DE-490C-B877-C3EB6F8B8C26}"
EndProject
Global
	GlobalSection(SolutionConfigurationPlatforms) = preSolution
		Debug|Any CPU = Debug|Any CPU
		Release|Any CPU = Release|Any CPU
	EndGlobalSection
	GlobalSection(ProjectConfigurationPlatforms) = postSolution
		{809D04BF-D3DE-490C-B877-C3EB6F8B8C26}.Debug|Any CPU.ActiveCfg = Debug|Any CPU
		{809D04BF-D3DE-490C-B877-C3EB6F8B8C26}.Debug|Any CPU.Build.0 = Debug|Any CPU
		{809D04BF-D3DE-490C-B877-C3EB6F8B8C26}.Release|Any CPU.ActiveCfg = Release|Any CPU
		{809D04BF-D3DE-490C-B877-C3EB6F8B8C26}.Release|Any CPU.Build.0 = Release|Any CPU
	EndGlobalSection
	GlobalSection(SolutionProperties) = preSolution
		HideSolutionNode = FALSE
	EndGlobalSection
	GlobalSection(ExtensibilityGlobals) = postSolution
		SolutionGuid = {C5395177-4D06-4325-A341-CEB2F26C85BF}
	EndGlobalSection
EndGlobal
